
Microsoft Visual Studio Solution File, Format Version 12.00
# Visual Studio Version 17
VisualStudioVersion = 17.14.36603.0 d17.14
MinimumVisualStudioVersion = 10.0.40219.1
Project("{FAE04EC0-301F-11D3-BF4B-00C04F79EFBC}") = "AverageSharePrice", "AverageSharePrice\AverageSharePrice.csproj", "{73EA5A33-7AFF-4FC4-B417-81922EA2E0BB}"
EndProject
Project("{FAE04EC0-301F-11D3-BF4B-00C04F79EFBC}") = "WeatherGui", "WeatherGui\WeatherGui.csproj", "{546C097B-525F-4587-AB7A-C954A9D50A5D}"
EndProject
Global
	GlobalSection(SolutionConfigurationPlatforms) = preSolution
		Debug|Any CPU = Debug|Any CPU
		Release|Any CPU = Release|Any CPU
	EndGlobalSection
	GlobalSection(ProjectConfigurationPlatforms) = postSolution
		{73EA5A33-7AFF-4FC4-B417-81922EA2E0BB}.Debug|Any CPU.ActiveCfg = Debug|Any CPU
		{73EA5A33-7AFF-4FC4-B417-81922EA2E0BB}.Debug|Any CPU.Build.0 = Debug|Any CPU
		{73EA5A33-7AFF-4FC4-B417-81922EA2E0BB}.Release|Any CPU.ActiveCfg = Release|Any CPU
		{73EA5A33-7AFF-4FC4-B417-81922EA2E0BB}.Release|Any CPU.Build.0 = Release|Any CPU
		{546C097B-525F-4587-AB7A-C954A9D50A5D}.Debug|Any CPU.ActiveCfg = Debug|Any CPU
		{546C097B-525F-4587-AB7A-C954A9D50A5D}.Debug|Any CPU.Build.0 = Debug|Any CPU
		{546C097B-525F-4587-AB7A-C954A9D50A5D}.Release|Any CPU.ActiveCfg = Release|Any CPU
		{546C097B-525F-4587-AB7A-C954A9D50A5D}.Release|Any CPU.Build.0 = Release|Any CPU
	EndGlobalSection
	GlobalSection(SolutionProperties) = preSolution
		HideSolutionNode = FALSE
	EndGlobalSection
	GlobalSection(ExtensibilityGlobals) = postSolution
		SolutionGuid = {DD9EA2A0-D441-4C9E-B64D-3BE246F7D562}
	EndGlobalSection
EndGlobal
